schema: '2.0'
stages:
  stage_01:
    cmd: python stage_01.py
    deps:
    - path: stage_01.py
      md5: 01af68845360d35289e31cf2d2a0d599
      size: 76
    outs:
    - path: artifact.txt
      md5: 7e6214bb528dd69609564aa1392a7e53
      size: 8
  stage_02:
    cmd: python stage_02.py
    deps:
    - path: artifact.txt
      md5: 7e6214bb528dd69609564aa1392a7e53
      size: 8
    - path: stage_02.py
      md5: 6fb42f21d17c08b5e69602960f23dd76
      size: 74
  stage_03:
    cmd: python stage_03.py
    deps:
    - path: artifact.txt
      md5: 7e6214bb528dd69609564aa1392a7e53
      size: 8
    - path: stage_03.py
      md5: b26730f7d56fb85b82f9059b0bc63bea
      size: 171
    outs:
    - path: artifact02.txt
      md5: 9493c6499e50baf24242945e44cae6cb
      size: 19
